
Microsoft Visual Studio Solution File, Format Version 12.00
# Visual Studio Version 17
VisualStudioVersion = 17.4.33213.308
MinimumVisualStudioVersion = 10.0.40219.1
Project("{9A19103F-16F7-4668-BE54-9A1E7A4F7556}") = "SaberLibrary", "SaberLibrary\SaberLibrary.csproj", "{1B6A83E1-23AD-47C6-BF44-CBF64679B54C}"
EndProject
Project("{FAE04EC0-301F-11D3-BF4B-00C04F79EFBC}") = "Tests", "Tests\Tests.csproj", "{64BE8524-2291-4D72-9717-B5C96AF66087}"
EndProject
Global
	GlobalSection(SolutionConfigurationPlatforms) = preSolution
		Debug|Any CPU = Debug|Any CPU
		Release|Any CPU = Release|Any CPU
	EndGlobalSection
	GlobalSection(ProjectConfigurationPlatforms) = postSolution
		{1B6A83E1-23AD-47C6-BF44-CBF64679B54C}.Debug|Any CPU.ActiveCfg = Debug|Any CPU
		{1B6A83E1-23AD-47C6-BF44-CBF64679B54C}.Debug|Any CPU.Build.0 = Debug|Any CPU
		{1B6A83E1-23AD-47C6-BF44-CBF64679B54C}.Release|Any CPU.ActiveCfg = Release|Any CPU
		{1B6A83E1-23AD-47C6-BF44-CBF64679B54C}.Release|Any CPU.Build.0 = Release|Any CPU
		{64BE8524-2291-4D72-9717-B5C96AF66087}.Debug|Any CPU.ActiveCfg = Debug|Any CPU
		{64BE8524-2291-4D72-9717-B5C96AF66087}.Debug|Any CPU.Build.0 = Debug|Any CPU
		{64BE8524-2291-4D72-9717-B5C96AF66087}.Release|Any CPU.ActiveCfg = Release|Any CPU
		{64BE8524-2291-4D72-9717-B5C96AF66087}.Release|Any CPU.Build.0 = Release|Any CPU
	EndGlobalSection
	GlobalSection(SolutionProperties) = preSolution
		HideSolutionNode = FALSE
	EndGlobalSection
	GlobalSection(ExtensibilityGlobals) = postSolution
		SolutionGuid = {D26FD4A5-A3AC-477A-B783-585D4D99147F}
	EndGlobalSection
EndGlobal
